
Microsoft Visual Studio Solution File, Format Version 12.00
# Visual Studio Version 16
VisualStudioVersion = 16.0.31911.196
MinimumVisualStudioVersion = 10.0.40219.1
Project("{FAE04EC0-301F-11D3-BF4B-00C04F79EFBC}") = "siberodev", "siberodev.csproj", "{075D50F3-BEB5-4D4B-A8FC-91ED9072FD42}"
EndProject
Global
	GlobalSection(SolutionConfigurationPlatforms) = preSolution
		Debug|Any CPU = Debug|Any CPU
		Release|Any CPU = Release|Any CPU
	EndGlobalSection
	GlobalSection(ProjectConfigurationPlatforms) = postSolution
		{075D50F3-BEB5-4D4B-A8FC-91ED9072FD42}.Debug|Any CPU.ActiveCfg = Debug|Any CPU
		{075D50F3-BEB5-4D4B-A8FC-91ED9072FD42}.Debug|Any CPU.Build.0 = Debug|Any CPU
		{075D50F3-BEB5-4D4B-A8FC-91ED9072FD42}.Release|Any CPU.ActiveCfg = Release|Any CPU
		{075D50F3-BEB5-4D4B-A8FC-91ED9072FD42}.Release|Any CPU.Build.0 = Release|Any CPU
	EndGlobalSection
	GlobalSection(SolutionProperties) = preSolution
		HideSolutionNode = FALSE
	EndGlobalSection
	GlobalSection(ExtensibilityGlobals) = postSolution
		SolutionGuid = {4AFDC7B5-6360-4952-82F9-7CEE2315EBDB}
	EndGlobalSection
EndGlobal
